
Microsoft Visual Studio Solution File, Format Version 12.00
# Visual Studio Version 17
VisualStudioVersion = 17.8.34330.188
MinimumVisualStudioVersion = 10.0.40219.1
Project("{9A19103F-16F7-4668-BE54-9A1E7A4F7556}") = "day18", "src\day18\day18.csproj", "{387EF485-615A-477D-A9C7-7FADE50CC9CC}"
EndProject
Global
	GlobalSection(SolutionConfigurationPlatforms) = preSolution
		Debug|Any CPU = Debug|Any CPU
		Release|Any CPU = Release|Any CPU
	EndGlobalSection
	GlobalSection(ProjectConfigurationPlatforms) = postSolution
		{387EF485-615A-477D-A9C7-7FADE50CC9CC}.Debug|Any CPU.ActiveCfg = Debug|Any CPU
		{387EF485-615A-477D-A9C7-7FADE50CC9CC}.Debug|Any CPU.Build.0 = Debug|Any CPU
		{387EF485-615A-477D-A9C7-7FADE50CC9CC}.Release|Any CPU.ActiveCfg = Release|Any CPU
		{387EF485-615A-477D-A9C7-7FADE50CC9CC}.Release|Any CPU.Build.0 = Release|Any CPU
	EndGlobalSection
	GlobalSection(SolutionProperties) = preSolution
		HideSolutionNode = FALSE
	EndGlobalSection
	GlobalSection(ExtensibilityGlobals) = postSolution
		SolutionGuid = {E350BBEF-A170-43AE-9BB1-074518DE0572}
	EndGlobalSection
EndGlobal
