
Microsoft Visual Studio Solution File, Format Version 12.00
# Visual Studio Version 17
VisualStudioVersion = 17.8.34330.188
MinimumVisualStudioVersion = 10.0.40219.1
Project("{9A19103F-16F7-4668-BE54-9A1E7A4F7556}") = "day14", "src\day14\day14.csproj", "{51FF4919-212E-458A-ADA6-855FC5CF65D1}"
EndProject
Global
	GlobalSection(SolutionConfigurationPlatforms) = preSolution
		Debug|Any CPU = Debug|Any CPU
		Release|Any CPU = Release|Any CPU
	EndGlobalSection
	GlobalSection(ProjectConfigurationPlatforms) = postSolution
		{51FF4919-212E-458A-ADA6-855FC5CF65D1}.Debug|Any CPU.ActiveCfg = Debug|Any CPU
		{51FF4919-212E-458A-ADA6-855FC5CF65D1}.Debug|Any CPU.Build.0 = Debug|Any CPU
		{51FF4919-212E-458A-ADA6-855FC5CF65D1}.Release|Any CPU.ActiveCfg = Release|Any CPU
		{51FF4919-212E-458A-ADA6-855FC5CF65D1}.Release|Any CPU.Build.0 = Release|Any CPU
	EndGlobalSection
	GlobalSection(SolutionProperties) = preSolution
		HideSolutionNode = FALSE
	EndGlobalSection
	GlobalSection(ExtensibilityGlobals) = postSolution
		SolutionGuid = {67ECD239-DA60-4482-A2FC-257CBF35C5C7}
	EndGlobalSection
EndGlobal
