
Microsoft Visual Studio Solution File, Format Version 12.00
# Visual Studio Version 17
VisualStudioVersion = 17.8.34330.188
MinimumVisualStudioVersion = 10.0.40219.1
Project("{9A19103F-16F7-4668-BE54-9A1E7A4F7556}") = "day12", "src\Day12\day12.csproj", "{AB9FD3A0-C661-4A65-BF5B-EEC240591236}"
EndProject
Global
	GlobalSection(SolutionConfigurationPlatforms) = preSolution
		Debug|Any CPU = Debug|Any CPU
		Release|Any CPU = Release|Any CPU
	EndGlobalSection
	GlobalSection(ProjectConfigurationPlatforms) = postSolution
		{AB9FD3A0-C661-4A65-BF5B-EEC240591236}.Debug|Any CPU.ActiveCfg = Debug|Any CPU
		{AB9FD3A0-C661-4A65-BF5B-EEC240591236}.Debug|Any CPU.Build.0 = Debug|Any CPU
		{AB9FD3A0-C661-4A65-BF5B-EEC240591236}.Release|Any CPU.ActiveCfg = Release|Any CPU
		{AB9FD3A0-C661-4A65-BF5B-EEC240591236}.Release|Any CPU.Build.0 = Release|Any CPU
	EndGlobalSection
	GlobalSection(SolutionProperties) = preSolution
		HideSolutionNode = FALSE
	EndGlobalSection
	GlobalSection(ExtensibilityGlobals) = postSolution
		SolutionGuid = {1FB63710-592C-489B-B327-5C0E1D46C326}
	EndGlobalSection
EndGlobal
