
Microsoft Visual Studio Solution File, Format Version 12.00
# Visual Studio Version 17
VisualStudioVersion = 17.8.34330.188
MinimumVisualStudioVersion = 10.0.40219.1
Project("{9A19103F-16F7-4668-BE54-9A1E7A4F7556}") = "day22", "src\day22\day22.csproj", "{ADBA1EC2-27B1-4DDE-A44F-F69EFEE46A51}"
EndProject
Global
	GlobalSection(SolutionConfigurationPlatforms) = preSolution
		Debug|Any CPU = Debug|Any CPU
		Release|Any CPU = Release|Any CPU
	EndGlobalSection
	GlobalSection(ProjectConfigurationPlatforms) = postSolution
		{ADBA1EC2-27B1-4DDE-A44F-F69EFEE46A51}.Debug|Any CPU.ActiveCfg = Debug|Any CPU
		{ADBA1EC2-27B1-4DDE-A44F-F69EFEE46A51}.Debug|Any CPU.Build.0 = Debug|Any CPU
		{ADBA1EC2-27B1-4DDE-A44F-F69EFEE46A51}.Release|Any CPU.ActiveCfg = Release|Any CPU
		{ADBA1EC2-27B1-4DDE-A44F-F69EFEE46A51}.Release|Any CPU.Build.0 = Release|Any CPU
	EndGlobalSection
	GlobalSection(SolutionProperties) = preSolution
		HideSolutionNode = FALSE
	EndGlobalSection
	GlobalSection(ExtensibilityGlobals) = postSolution
		SolutionGuid = {D540A4E5-9A13-4E14-A891-716790F5E1DA}
	EndGlobalSection
EndGlobal
