
Microsoft Visual Studio Solution File, Format Version 12.00
# Visual Studio Version 17
VisualStudioVersion = 17.8.34330.188
MinimumVisualStudioVersion = 10.0.40219.1
Project("{9A19103F-16F7-4668-BE54-9A1E7A4F7556}") = "day20", "src\day20\day20.csproj", "{DE8B88D8-BA8B-4AEB-A3DB-DFEB5BCE391A}"
EndProject
Global
	GlobalSection(SolutionConfigurationPlatforms) = preSolution
		Debug|Any CPU = Debug|Any CPU
		Release|Any CPU = Release|Any CPU
	EndGlobalSection
	GlobalSection(ProjectConfigurationPlatforms) = postSolution
		{DE8B88D8-BA8B-4AEB-A3DB-DFEB5BCE391A}.Debug|Any CPU.ActiveCfg = Debug|Any CPU
		{DE8B88D8-BA8B-4AEB-A3DB-DFEB5BCE391A}.Debug|Any CPU.Build.0 = Debug|Any CPU
		{DE8B88D8-BA8B-4AEB-A3DB-DFEB5BCE391A}.Release|Any CPU.ActiveCfg = Release|Any CPU
		{DE8B88D8-BA8B-4AEB-A3DB-DFEB5BCE391A}.Release|Any CPU.Build.0 = Release|Any CPU
	EndGlobalSection
	GlobalSection(SolutionProperties) = preSolution
		HideSolutionNode = FALSE
	EndGlobalSection
	GlobalSection(ExtensibilityGlobals) = postSolution
		SolutionGuid = {3EF78EE5-2751-4CB4-BBFB-3CE6934A0571}
	EndGlobalSection
EndGlobal
