
Microsoft Visual Studio Solution File, Format Version 12.00
# Visual Studio Version 17
VisualStudioVersion = 17.8.34330.188
MinimumVisualStudioVersion = 10.0.40219.1
Project("{9A19103F-16F7-4668-BE54-9A1E7A4F7556}") = "day23", "src\day23\day23.csproj", "{0C274FF3-BECC-4950-91DA-150E93FCBD4B}"
EndProject
Global
	GlobalSection(SolutionConfigurationPlatforms) = preSolution
		Debug|Any CPU = Debug|Any CPU
		Release|Any CPU = Release|Any CPU
	EndGlobalSection
	GlobalSection(ProjectConfigurationPlatforms) = postSolution
		{0C274FF3-BECC-4950-91DA-150E93FCBD4B}.Debug|Any CPU.ActiveCfg = Debug|Any CPU
		{0C274FF3-BECC-4950-91DA-150E93FCBD4B}.Debug|Any CPU.Build.0 = Debug|Any CPU
		{0C274FF3-BECC-4950-91DA-150E93FCBD4B}.Release|Any CPU.ActiveCfg = Release|Any CPU
		{0C274FF3-BECC-4950-91DA-150E93FCBD4B}.Release|Any CPU.Build.0 = Release|Any CPU
	EndGlobalSection
	GlobalSection(SolutionProperties) = preSolution
		HideSolutionNode = FALSE
	EndGlobalSection
	GlobalSection(ExtensibilityGlobals) = postSolution
		SolutionGuid = {E0F6BC06-0C8C-4403-8FB1-D5C8C2A6C853}
	EndGlobalSection
EndGlobal
